// !$*UTF8*$!
{
	archiveVersion = 1;
	classes = {
	};
	objectVersion = 48;
	objects = {

/* Begin PBXBuildFile section */
		4D033A8C1F8F419700D1E75D /* AppDelegate.m in Sources */ = {isa = PBXBuildFile; fileRef = 4D033A8B1F8F419700D1E75D /* AppDelegate.m */; };
		4D033A8F1F8F419700D1E75D /* ViewController.m in Sources */ = {isa = PBXBuildFile; fileRef = 4D033A8E1F8F419700D1E75D /* ViewController.m */; };
		4D033A921F8F419700D1E75D /* Main.storyboard in Resources */ = {isa = PBXBuildFile; fileRef = 4D033A901F8F419700D1E75D /* Main.storyboard */; };
		4D033A941F8F419700D1E75D /* Assets.xcassets in Resources */ = {isa = PBXBuildFile; fileRef = 4D033A931F8F419700D1E75D /* Assets.xcassets */; };
		4D033A9A1F8F419700D1E75D /* main.m in Sources */ = {isa = PBXBuildFile; fileRef = 4D033A991F8F419700D1E75D /* main.m */; };
		4D033AA41F8F419700D1E75D /* YshipinTests.m in Sources */ = {isa = PBXBuildFile; fileRef = 4D033AA31F8F419700D1E75D /* YshipinTests.m */; };
		4D033AAF1F8F419700D1E75D /* YshipinUITests.m in Sources */ = {isa = PBXBuildFile; fileRef = 4D033AAE1F8F419700D1E75D /* YshipinUITests.m */; };
		4D033B3A1F8F474400D1E75D /* GFProgressHUD.m in Sources */ = {isa = PBXBuildFile; fileRef = 4D033B381F8F474400D1E75D /* GFProgressHUD.m */; };
		4D3A092D1F99EFE1003987D7 /* SignView.m in Sources */ = {isa = PBXBuildFile; fileRef = 4D3A092B1F99EFE1003987D7 /* SignView.m */; };
		4D3A093C1F99F0D5003987D7 /* HMScanerCardViewController.m in Sources */ = {isa = PBXBuildFile; fileRef = 4D3A09301F99F0D5003987D7 /* HMScanerCardViewController.m */; };
		4D3A093D1F99F0D5003987D7 /* HMScanner.bundle in Resources */ = {isa = PBXBuildFile; fileRef = 4D3A09311F99F0D5003987D7 /* HMScanner.bundle */; };
		4D3A093E1F99F0D5003987D7 /* HMScanner.m in Sources */ = {isa = PBXBuildFile; fileRef = 4D3A09331F99F0D5003987D7 /* HMScanner.m */; };
		4D3A093F1F99F0D5003987D7 /* HMScannerBorder.m in Sources */ = {isa = PBXBuildFile; fileRef = 4D3A09351F99F0D5003987D7 /* HMScannerBorder.m */; };
		4D3A09401F99F0D5003987D7 /* HMScannerController.m in Sources */ = {isa = PBXBuildFile; fileRef = 4D3A09371F99F0D5003987D7 /* HMScannerController.m */; };
		4D3A09411F99F0D5003987D7 /* HMScannerMaskView.m in Sources */ = {isa = PBXBuildFile; fileRef = 4D3A09391F99F0D5003987D7 /* HMScannerMaskView.m */; };
		4D3A09421F99F0D5003987D7 /* HMScannerViewController.m in Sources */ = {isa = PBXBuildFile; fileRef = 4D3A093B1F99F0D5003987D7 /* HMScannerViewController.m */; };
		4D3E231D1FB0205700542517 /* WilddogVideoCall.framework in Frameworks */ = {isa = PBXBuildFile; fileRef = 4D3E231C1FB0205700542517 /* WilddogVideoCall.framework */; };
		4D3E231F1FB0206A00542517 /* WilddogVideoBase.framework in Frameworks */ = {isa = PBXBuildFile; fileRef = 4D3E231E1FB0206A00542517 /* WilddogVideoBase.framework */; };
		4D3E23201FB0207200542517 /* WebRTC.framework in Frameworks */ = {isa = PBXBuildFile; fileRef = 4D033B3C1F8F5ADC00D1E75D /* WebRTC.framework */; };
		4D3E23221FB0208000542517 /* WilddogCore.framework in Frameworks */ = {isa = PBXBuildFile; fileRef = 4D3E23211FB0208000542517 /* WilddogCore.framework */; };
		4D3E23241FB0208900542517 /* WilddogAuth.framework in Frameworks */ = {isa = PBXBuildFile; fileRef = 4D3E23231FB0208900542517 /* WilddogAuth.framework */; };
		4D72BE6B1F9770B900DBDEB3 /* LaunchScreen.storyboard in Resources */ = {isa = PBXBuildFile; fileRef = 4D72BE691F9770B900DBDEB3 /* LaunchScreen.storyboard */; };
		FE91ED5AE7BD841FF75C99C7 /* libPods-Yshipin.a in Frameworks */ = {isa = PBXBuildFile; fileRef = 36E5A0ED0121248FA4452C5F /* libPods-Yshipin.a */; };
/* End PBXBuildFile section */

/* Begin PBXContainerItemProxy section */
		4D033AA01F8F419700D1E75D /* PBXContainerItemProxy */ = {
			isa = PBXContainerItemProxy;
			containerPortal = 4D033A7F1F8F419700D1E75D /* Project object */;
			proxyType = 1;
			remoteGlobalIDString = 4D033A861F8F419700D1E75D;
			remoteInfo = Yshipin;
		};
		4D033AAB1F8F419700D1E75D /* PBXContainerItemProxy */ = {
			isa = PBXContainerItemProxy;
			containerPortal = 4D033A7F1F8F419700D1E75D /* Project object */;
			proxyType = 1;
			remoteGlobalIDString = 4D033A861F8F419700D1E75D;
			remoteInfo = Yshipin;
		};
/* End PBXContainerItemProxy section */

/* Begin PBXFileReference section */
		36E5A0ED0121248FA4452C5F /* libPods-Yshipin.a */ = {isa = PBXFileReference; explicitFileType = archive.ar; includeInIndex = 0; path = "libPods-Yshipin.a"; sourceTree = BUILT_PRODUCTS_DIR; };
		3E9E5B922D2CAE573D2325FA /* Pods-Yshipin.debug.xcconfig */ = {isa = PBXFileReference; includeInIndex = 1; lastKnownFileType = text.xcconfig; name = "Pods-Yshipin.debug.xcconfig"; path = "Pods/Target Support Files/Pods-Yshipin/Pods-Yshipin.debug.xcconfig"; sourceTree = "<group>"; };
		4D033A871F8F419700D1E75D /* Yshipin.app */ = {isa = PBXFileReference; explicitFileType = wrapper.application; includeInIndex = 0; path = Yshipin.app; sourceTree = BUILT_PRODUCTS_DIR; };
		4D033A8A1F8F419700D1E75D /* AppDelegate.h */ = {isa = PBXFileReference; lastKnownFileType = sourcecode.c.h; path = AppDelegate.h; sourceTree = "<group>"; };
		4D033A8B1F8F419700D1E75D /* AppDelegate.m */ = {isa = PBXFileReference; lastKnownFileType = sourcecode.c.objc; path = AppDelegate.m; sourceTree = "<group>"; };
		4D033A8D1F8F419700D1E75D /* ViewController.h */ = {isa = PBXFileReference; lastKnownFileType = sourcecode.c.h; path = ViewController.h; sourceTree = "<group>"; };
		4D033A8E1F8F419700D1E75D /* ViewController.m */ = {isa = PBXFileReference; lastKnownFileType = sourcecode.c.objc; path = ViewController.m; sourceTree = "<group>"; };
		4D033A911F8F419700D1E75D /* Base */ = {isa = PBXFileReference; lastKnownFileType = file.storyboard; name = Base; path = Base.lproj/Main.storyboard; sourceTree = "<group>"; };
		4D033A931F8F419700D1E75D /* Assets.xcassets */ = {isa = PBXFileReference; lastKnownFileType = folder.assetcatalog; path = Assets.xcassets; sourceTree = "<group>"; };
		4D033A981F8F419700D1E75D /* Info.plist */ = {isa = PBXFileReference; lastKnownFileType = text.plist.xml; path = Info.plist; sourceTree = "<group>"; };
		4D033A991F8F419700D1E75D /* main.m */ = {isa = PBXFileReference; lastKnownFileType = sourcecode.c.objc; path = main.m; sourceTree = "<group>"; };
		4D033A9F1F8F419700D1E75D /* YshipinTests.xctest */ = {isa = PBXFileReference; explicitFileType = wrapper.cfbundle; includeInIndex = 0; path = YshipinTests.xctest; sourceTree = BUILT_PRODUCTS_DIR; };
		4D033AA31F8F419700D1E75D /* YshipinTests.m */ = {isa = PBXFileReference; lastKnownFileType = sourcecode.c.objc; path = YshipinTests.m; sourceTree = "<group>"; };
		4D033AA51F8F419700D1E75D /* Info.plist */ = {isa = PBXFileReference; lastKnownFileType = text.plist.xml; path = Info.plist; sourceTree = "<group>"; };
		4D033AAA1F8F419700D1E75D /* YshipinUITests.xctest */ = {isa = PBXFileReference; explicitFileType = wrapper.cfbundle; includeInIndex = 0; path = YshipinUITests.xctest; sourceTree = BUILT_PRODUCTS_DIR; };
		4D033AAE1F8F419700D1E75D /* YshipinUITests.m */ = {isa = PBXFileReference; lastKnownFileType = sourcecode.c.objc; path = YshipinUITests.m; sourceTree = "<group>"; };
		4D033AB01F8F419700D1E75D /* Info.plist */ = {isa = PBXFileReference; lastKnownFileType = text.plist.xml; path = Info.plist; sourceTree = "<group>"; };
		4D033B381F8F474400D1E75D /* GFProgressHUD.m */ = {isa = PBXFileReference; fileEncoding = 4; lastKnownFileType = sourcecode.c.objc; path = GFProgressHUD.m; sourceTree = "<group>"; };
		4D033B391F8F474400D1E75D /* GFProgressHUD.h */ = {isa = PBXFileReference; fileEncoding = 4; lastKnownFileType = sourcecode.c.h; path = GFProgressHUD.h; sourceTree = "<group>"; };
		4D033B3B1F8F477400D1E75D /* PrefixHeader.pch */ = {isa = PBXFileReference; lastKnownFileType = sourcecode.c.h; path = PrefixHeader.pch; sourceTree = "<group>"; };
		4D033B3C1F8F5ADC00D1E75D /* WebRTC.framework */ = {isa = PBXFileReference; lastKnownFileType = wrapper.framework; name = WebRTC.framework; path = Pods/WilddogWebRTC/WebRTC.framework; sourceTree = "<group>"; };
		4D3A092B1F99EFE1003987D7 /* SignView.m */ = {isa = PBXFileReference; fileEncoding = 4; lastKnownFileType = sourcecode.c.objc; path = SignView.m; sourceTree = "<group>"; };
		4D3A092C1F99EFE1003987D7 /* SignView.h */ = {isa = PBXFileReference; fileEncoding = 4; lastKnownFileType = sourcecode.c.h; path = SignView.h; sourceTree = "<group>"; };
		4D3A092F1F99F0D5003987D7 /* HMScanerCardViewController.h */ = {isa = PBXFileReference; fileEncoding = 4; lastKnownFileType = sourcecode.c.h; path = HMScanerCardViewController.h; sourceTree = "<group>"; };
		4D3A09301F99F0D5003987D7 /* HMScanerCardViewController.m */ = {isa = PBXFileReference; fileEncoding = 4; lastKnownFileType = sourcecode.c.objc; path = HMScanerCardViewController.m; sourceTree = "<group>"; };
		4D3A09311F99F0D5003987D7 /* HMScanner.bundle */ = {isa = PBXFileReference; lastKnownFileType = "wrapper.plug-in"; path = HMScanner.bundle; sourceTree = "<group>"; };
		4D3A09321F99F0D5003987D7 /* HMScanner.h */ = {isa = PBXFileReference; fileEncoding = 4; lastKnownFileType = sourcecode.c.h; path = HMScanner.h; sourceTree = "<group>"; };
		4D3A09331F99F0D5003987D7 /* HMScanner.m */ = {isa = PBXFileReference; fileEncoding = 4; lastKnownFileType = sourcecode.c.objc; path = HMScanner.m; sourceTree = "<group>"; };
		4D3A09341F99F0D5003987D7 /* HMScannerBorder.h */ = {isa = PBXFileReference; fileEncoding = 4; lastKnownFileType = sourcecode.c.h; path = HMScannerBorder.h; sourceTree = "<group>"; };
		4D3A09351F99F0D5003987D7 /* HMScannerBorder.m */ = {isa = PBXFileReference; fileEncoding = 4; lastKnownFileType = sourcecode.c.objc; path = HMScannerBorder.m; sourceTree = "<group>"; };
		4D3A09361F99F0D5003987D7 /* HMScannerController.h */ = {isa = PBXFileReference; fileEncoding = 4; lastKnownFileType = sourcecode.c.h; path = HMScannerController.h; sourceTree = "<group>"; };
		4D3A09371F99F0D5003987D7 /* HMScannerController.m */ = {isa = PBXFileReference; fileEncoding = 4; lastKnownFileType = sourcecode.c.objc; path = HMScannerController.m; sourceTree = "<group>"; };
		4D3A09381F99F0D5003987D7 /* HMScannerMaskView.h */ = {isa = PBXFileReference; fileEncoding = 4; lastKnownFileType = sourcecode.c.h; path = HMScannerMaskView.h; sourceTree = "<group>"; };
		4D3A09391F99F0D5003987D7 /* HMScannerMaskView.m */ = {isa = PBXFileReference; fileEncoding = 4; lastKnownFileType = sourcecode.c.objc; path = HMScannerMaskView.m; sourceTree = "<group>"; };
		4D3A093A1F99F0D5003987D7 /* HMScannerViewController.h */ = {isa = PBXFileReference; fileEncoding = 4; lastKnownFileType = sourcecode.c.h; path = HMScannerViewController.h; sourceTree = "<group>"; };
		4D3A093B1F99F0D5003987D7 /* HMScannerViewController.m */ = {isa = PBXFileReference; fileEncoding = 4; lastKnownFileType = sourcecode.c.objc; path = HMScannerViewController.m; sourceTree = "<group>"; };
		4D3E231C1FB0205700542517 /* WilddogVideoCall.framework */ = {isa = PBXFileReference; lastKnownFileType = wrapper.framework; name = WilddogVideoCall.framework; path = Pods/WilddogVideoCall/WilddogVideoCall.framework; sourceTree = "<group>"; };
		4D3E231E1FB0206A00542517 /* WilddogVideoBase.framework */ = {isa = PBXFileReference; lastKnownFileType = wrapper.framework; name = WilddogVideoBase.framework; path = Pods/WilddogVideoBase/WilddogVideoBase.framework; sourceTree = "<group>"; };
		4D3E23211FB0208000542517 /* WilddogCore.framework */ = {isa = PBXFileReference; lastKnownFileType = wrapper.framework; name = WilddogCore.framework; path = Pods/WilddogCore/WilddogCore.framework; sourceTree = "<group>"; };
		4D3E23231FB0208900542517 /* WilddogAuth.framework */ = {isa = PBXFileReference; lastKnownFileType = wrapper.framework; name = WilddogAuth.framework; path = Pods/WilddogAuth/WilddogAuth.framework; sourceTree = "<group>"; };
		4D72BE6A1F9770B900DBDEB3 /* Base */ = {isa = PBXFileReference; lastKnownFileType = file.storyboard; name = Base; path = Base.lproj/LaunchScreen.storyboard; sourceTree = "<group>"; };
		5D14BA9F1368BE09253DE560 /* Pods-Yshipin.release.xcconfig */ = {isa = PBXFileReference; includeInIndex = 1; lastKnownFileType = text.xcconfig; name = "Pods-Yshipin.release.xcconfig"; path = "Pods/Target Support Files/Pods-Yshipin/Pods-Yshipin.release.xcconfig"; sourceTree = "<group>"; };
/* End PBXFileReference section */

/* Begin PBXFrameworksBuildPhase section */
		4D033A841F8F419700D1E75D /* Frameworks */ = {
			isa = PBXFrameworksBuildPhase;
			buildActionMask = 2147483647;
			files = (
				4D3E23241FB0208900542517 /* WilddogAuth.framework in Frameworks */,
				4D3E23221FB0208000542517 /* WilddogCore.framework in Frameworks */,
				4D3E23201FB0207200542517 /* WebRTC.framework in Frameworks */,
				4D3E231F1FB0206A00542517 /* WilddogVideoBase.framework in Frameworks */,
				4D3E231D1FB0205700542517 /* WilddogVideoCall.framework in Frameworks */,
				FE91ED5AE7BD841FF75C99C7 /* libPods-Yshipin.a in Frameworks */,
			);
			runOnlyForDeploymentPostprocessing = 0;
		};
		4D033A9C1F8F419700D1E75D /* Frameworks */ = {
			isa = PBXFrameworksBuildPhase;
			buildActionMask = 2147483647;
			files = (
			);
			runOnlyForDeploymentPostprocessing = 0;
		};
		4D033AA71F8F419700D1E75D /* Frameworks */ = {
			isa = PBXFrameworksBuildPhase;
			buildActionMask = 2147483647;
			files = (
			);
			runOnlyForDeploymentPostprocessing = 0;
		};
/* End PBXFrameworksBuildPhase section */

/* Begin PBXGroup section */
		179ED6C6C11B347AF482BC58 /* Pods */ = {
			isa = PBXGroup;
			children = (
				3E9E5B922D2CAE573D2325FA /* Pods-Yshipin.debug.xcconfig */,
				5D14BA9F1368BE09253DE560 /* Pods-Yshipin.release.xcconfig */,
			);
			name = Pods;
			sourceTree = "<group>";
		};
		4D033A7E1F8F419700D1E75D = {
			isa = PBXGroup;
			children = (
				4D033A891F8F419700D1E75D /* Yshipin */,
				4D033AA21F8F419700D1E75D /* YshipinTests */,
				4D033AAD1F8F419700D1E75D /* YshipinUITests */,
				4D033A881F8F419700D1E75D /* Products */,
				179ED6C6C11B347AF482BC58 /* Pods */,
				B63139CA33A1E418422457E7 /* Frameworks */,
			);
			sourceTree = "<group>";
		};
		4D033A881F8F419700D1E75D /* Products */ = {
			isa = PBXGroup;
			children = (
				4D033A871F8F419700D1E75D /* Yshipin.app */,
				4D033A9F1F8F419700D1E75D /* YshipinTests.xctest */,
				4D033AAA1F8F419700D1E75D /* YshipinUITests.xctest */,
			);
			name = Products;
			sourceTree = "<group>";
		};
		4D033A891F8F419700D1E75D /* Yshipin */ = {
			isa = PBXGroup;
			children = (
				4D3A092E1F99F0D5003987D7 /* QRCode */,
				4D72BE691F9770B900DBDEB3 /* LaunchScreen.storyboard */,
				4D033A8A1F8F419700D1E75D /* AppDelegate.h */,
				4D033A8B1F8F419700D1E75D /* AppDelegate.m */,
				4D033A8D1F8F419700D1E75D /* ViewController.h */,
				4D033A8E1F8F419700D1E75D /* ViewController.m */,
				4D3A092C1F99EFE1003987D7 /* SignView.h */,
				4D3A092B1F99EFE1003987D7 /* SignView.m */,
				4D033B3B1F8F477400D1E75D /* PrefixHeader.pch */,
				4D033B391F8F474400D1E75D /* GFProgressHUD.h */,
				4D033B381F8F474400D1E75D /* GFProgressHUD.m */,
				4D033A901F8F419700D1E75D /* Main.storyboard */,
				4D033A931F8F419700D1E75D /* Assets.xcassets */,
				4D033A981F8F419700D1E75D /* Info.plist */,
				4D033A991F8F419700D1E75D /* main.m */,
			);
			path = Yshipin;
			sourceTree = "<group>";
		};
		4D033AA21F8F419700D1E75D /* YshipinTests */ = {
			isa = PBXGroup;
			children = (
				4D033AA31F8F419700D1E75D /* YshipinTests.m */,
				4D033AA51F8F419700D1E75D /* Info.plist */,
			);
			path = YshipinTests;
			sourceTree = "<group>";
		};
		4D033AAD1F8F419700D1E75D /* YshipinUITests */ = {
			isa = PBXGroup;
			children = (
				4D033AAE1F8F419700D1E75D /* YshipinUITests.m */,
				4D033AB01F8F419700D1E75D /* Info.plist */,
			);
			path = YshipinUITests;
			sourceTree = "<group>";
		};
		4D3A092E1F99F0D5003987D7 /* QRCode */ = {
			isa = PBXGroup;
			children = (
				4D3A092F1F99F0D5003987D7 /* HMScanerCardViewController.h */,
				4D3A09301F99F0D5003987D7 /* HMScanerCardViewController.m */,
				4D3A09311F99F0D5003987D7 /* HMScanner.bundle */,
				4D3A09321F99F0D5003987D7 /* HMScanner.h */,
				4D3A09331F99F0D5003987D7 /* HMScanner.m */,
				4D3A09341F99F0D5003987D7 /* HMScannerBorder.h */,
				4D3A09351F99F0D5003987D7 /* HMScannerBorder.m */,
				4D3A09361F99F0D5003987D7 /* HMScannerController.h */,
				4D3A09371F99F0D5003987D7 /* HMScannerController.m */,
				4D3A09381F99F0D5003987D7 /* HMScannerMaskView.h */,
				4D3A09391F99F0D5003987D7 /* HMScannerMaskView.m */,
				4D3A093A1F99F0D5003987D7 /* HMScannerViewController.h */,
				4D3A093B1F99F0D5003987D7 /* HMScannerViewController.m */,
			);
			path = QRCode;
			sourceTree = "<group>";
		};
		B63139CA33A1E418422457E7 /* Frameworks */ = {
			isa = PBXGroup;
			children = (
				4D3E23231FB0208900542517 /* WilddogAuth.framework */,
				4D3E23211FB0208000542517 /* WilddogCore.framework */,
				4D3E231E1FB0206A00542517 /* WilddogVideoBase.framework */,
				4D3E231C1FB0205700542517 /* WilddogVideoCall.framework */,
				4D033B3C1F8F5ADC00D1E75D /* WebRTC.framework */,
				36E5A0ED0121248FA4452C5F /* libPods-Yshipin.a */,
			);
			name = Frameworks;
			sourceTree = "<group>";
		};
/* End PBXGroup section */

/* Begin PBXNativeTarget section */
		4D033A861F8F419700D1E75D /* Yshipin */ = {
			isa = PBXNativeTarget;
			buildConfigurationList = 4D033AB31F8F419700D1E75D /* Build configuration list for PBXNativeTarget "Yshipin" */;
			buildPhases = (
				27B6D6B1962B60CD4CA77E78 /* [CP] Check Pods Manifest.lock */,
				4D033A831F8F419700D1E75D /* Sources */,
				4D033A841F8F419700D1E75D /* Frameworks */,
				4D033A851F8F419700D1E75D /* Resources */,
				FC5E5354F4816D4C65AFCD2D /* [CP] Embed Pods Frameworks */,
				ADB10456E410988ABB886762 /* [CP] Copy Pods Resources */,
			);
			buildRules = (
			);
			dependencies = (
			);
			name = Yshipin;
			productName = Yshipin;
			productReference = 4D033A871F8F419700D1E75D /* Yshipin.app */;
			productType = "com.apple.product-type.application";
		};
		4D033A9E1F8F419700D1E75D /* YshipinTests */ = {
			isa = PBXNativeTarget;
			buildConfigurationList = 4D033AB61F8F419700D1E75D /* Build configuration list for PBXNativeTarget "YshipinTests" */;
			buildPhases = (
				4D033A9B1F8F419700D1E75D /* Sources */,
				4D033A9C1F8F419700D1E75D /* Frameworks */,
				4D033A9D1F8F419700D1E75D /* Resources */,
			);
			buildRules = (
			);
			dependencies = (
				4D033AA11F8F419700D1E75D /* PBXTargetDependency */,
			);
			name = YshipinTests;
			productName = YshipinTests;
			productReference = 4D033A9F1F8F419700D1E75D /* YshipinTests.xctest */;
			productType = "com.apple.product-type.bundle.unit-test";
		};
		4D033AA91F8F419700D1E75D /* YshipinUITests */ = {
			isa = PBXNativeTarget;
			buildConfigurationList = 4D033AB91F8F419700D1E75D /* Build configuration list for PBXNativeTarget "YshipinUITests" */;
			buildPhases = (
				4D033AA61F8F419700D1E75D /* Sources */,
				4D033AA71F8F419700D1E75D /* Frameworks */,
				4D033AA81F8F419700D1E75D /* Resources */,
			);
			buildRules = (
			);
			dependencies = (
				4D033AAC1F8F419700D1E75D /* PBXTargetDependency */,
			);
			name = YshipinUITests;
			productName = YshipinUITests;
			productReference = 4D033AAA1F8F419700D1E75D /* YshipinUITests.xctest */;
			productType = "com.apple.product-type.bundle.ui-testing";
		};
/* End PBXNativeTarget section */

/* Begin PBXProject section */
		4D033A7F1F8F419700D1E75D /* Project object */ = {
			isa = PBXProject;
			attributes = {
				LastUpgradeCheck = 0900;
				ORGANIZATIONNAME = ZZCN77;
				TargetAttributes = {
					4D033A861F8F419700D1E75D = {
						CreatedOnToolsVersion = 9.0;
						ProvisioningStyle = Automatic;
						SystemCapabilities = {
							com.apple.BackgroundModes = {
								enabled = 1;
							};
						};
					};
					4D033A9E1F8F419700D1E75D = {
						CreatedOnToolsVersion = 9.0;
						ProvisioningStyle = Automatic;
						TestTargetID = 4D033A861F8F419700D1E75D;
					};
					4D033AA91F8F419700D1E75D = {
						CreatedOnToolsVersion = 9.0;
						ProvisioningStyle = Automatic;
						TestTargetID = 4D033A861F8F419700D1E75D;
					};
				};
			};
			buildConfigurationList = 4D033A821F8F419700D1E75D /* Build configuration list for PBXProject "Yshipin" */;
			compatibilityVersion = "Xcode 8.0";
			developmentRegion = en;
			hasScannedForEncodings = 0;
			knownRegions = (
				en,
				Base,
			);
			mainGroup = 4D033A7E1F8F419700D1E75D;
			productRefGroup = 4D033A881F8F419700D1E75D /* Products */;
			projectDirPath = "";
			projectRoot = "";
			targets = (
				4D033A861F8F419700D1E75D /* Yshipin */,
				4D033A9E1F8F419700D1E75D /* YshipinTests */,
				4D033AA91F8F419700D1E75D /* YshipinUITests */,
			);
		};
/* End PBXProject section */

/* Begin PBXResourcesBuildPhase section */
		4D033A851F8F419700D1E75D /* Resources */ = {
			isa = PBXResourcesBuildPhase;
			buildActionMask = 2147483647;
			files = (
				4D033A941F8F419700D1E75D /* Assets.xcassets in Resources */,
				4D72BE6B1F9770B900DBDEB3 /* LaunchScreen.storyboard in Resources */,
				4D033A921F8F419700D1E75D /* Main.storyboard in Resources */,
				4D3A093D1F99F0D5003987D7 /* HMScanner.bundle in Resources */,
			);
			runOnlyForDeploymentPostprocessing = 0;
		};
		4D033A9D1F8F419700D1E75D /* Resources */ = {
			isa = PBXResourcesBuildPhase;
			buildActionMask = 2147483647;
			files = (
			);
			runOnlyForDeploymentPostprocessing = 0;
		};
		4D033AA81F8F419700D1E75D /* Resources */ = {
			isa = PBXResourcesBuildPhase;
			buildActionMask = 2147483647;
			files = (
			);
			runOnlyForDeploymentPostprocessing = 0;
		};
/* End PBXResourcesBuildPhase section */

/* Begin PBXShellScriptBuildPhase section */
		27B6D6B1962B60CD4CA77E78 /* [CP] Check Pods Manifest.lock */ = {
			isa = PBXShellScriptBuildPhase;
			buildActionMask = 2147483647;
			files = (
			);
			inputPaths = (
			);
			name = "[CP] Check Pods Manifest.lock";
			outputPaths = (
			);
			runOnlyForDeploymentPostprocessing = 0;
			shellPath = /bin/sh;
			shellScript = "diff \"${PODS_PODFILE_DIR_PATH}/Podfile.lock\" \"${PODS_ROOT}/Manifest.lock\" > /dev/null\nif [ $? != 0 ] ; then\n    # print error to STDERR\n    echo \"error: The sandbox is not in sync with the Podfile.lock. Run 'pod install' or update your CocoaPods installation.\" >&2\n    exit 1\nfi\n";
			showEnvVarsInLog = 0;
		};
		ADB10456E410988ABB886762 /* [CP] Copy Pods Resources */ = {
			isa = PBXShellScriptBuildPhase;
			buildActionMask = 2147483647;
			files = (
			);
			inputPaths = (
			);
			name = "[CP] Copy Pods Resources";
			outputPaths = (
			);
			runOnlyForDeploymentPostprocessing = 0;
			shellPath = /bin/sh;
			shellScript = "\"${SRCROOT}/Pods/Target Support Files/Pods-Yshipin/Pods-Yshipin-resources.sh\"\n";
			showEnvVarsInLog = 0;
		};
		FC5E5354F4816D4C65AFCD2D /* [CP] Embed Pods Frameworks */ = {
			isa = PBXShellScriptBuildPhase;
			buildActionMask = 2147483647;
			files = (
			);
			inputPaths = (
			);
			name = "[CP] Embed Pods Frameworks";
			outputPaths = (
			);
			runOnlyForDeploymentPostprocessing = 0;
			shellPath = /bin/sh;
			shellScript = "\"${SRCROOT}/Pods/Target Support Files/Pods-Yshipin/Pods-Yshipin-frameworks.sh\"\n";
			showEnvVarsInLog = 0;
		};
/* End PBXShellScriptBuildPhase section */

/* Begin PBXSourcesBuildPhase section */
		4D033A831F8F419700D1E75D /* Sources */ = {
			isa = PBXSourcesBuildPhase;
			buildActionMask = 2147483647;
			files = (
				4D033A8F1F8F419700D1E75D /* ViewController.m in Sources */,
				4D3A09401F99F0D5003987D7 /* HMScannerController.m in Sources */,
				4D3A093F1F99F0D5003987D7 /* HMScannerBorder.m in Sources */,
				4D033B3A1F8F474400D1E75D /* GFProgressHUD.m in Sources */,
				4D3A09411F99F0D5003987D7 /* HMScannerMaskView.m in Sources */,
				4D3A092D1F99EFE1003987D7 /* SignView.m in Sources */,
				4D033A9A1F8F419700D1E75D /* main.m in Sources */,
				4D3A093E1F99F0D5003987D7 /* HMScanner.m in Sources */,
				4D3A09421F99F0D5003987D7 /* HMScannerViewController.m in Sources */,
				4D033A8C1F8F419700D1E75D /* AppDelegate.m in Sources */,
				4D3A093C1F99F0D5003987D7 /* HMScanerCardViewController.m in Sources */,
			);
			runOnlyForDeploymentPostprocessing = 0;
		};
		4D033A9B1F8F419700D1E75D /* Sources */ = {
			isa = PBXSourcesBuildPhase;
			buildActionMask = 2147483647;
			files = (
				4D033AA41F8F419700D1E75D /* YshipinTests.m in Sources */,
			);
			runOnlyForDeploymentPostprocessing = 0;
		};
		4D033AA61F8F419700D1E75D /* Sources */ = {
			isa = PBXSourcesBuildPhase;
			buildActionMask = 2147483647;
			files = (
				4D033AAF1F8F419700D1E75D /* YshipinUITests.m in Sources */,
			);
			runOnlyForDeploymentPostprocessing = 0;
		};
/* End PBXSourcesBuildPhase section */

/* Begin PBXTargetDependency section */
		4D033AA11F8F419700D1E75D /* PBXTargetDependency */ = {
			isa = PBXTargetDependency;
			target = 4D033A861F8F419700D1E75D /* Yshipin */;
			targetProxy = 4D033AA01F8F419700D1E75D /* PBXContainerItemProxy */;
		};
		4D033AAC1F8F419700D1E75D /* PBXTargetDependency */ = {
			isa = PBXTargetDependency;
			target = 4D033A861F8F419700D1E75D /* Yshipin */;
			targetProxy = 4D033AAB1F8F419700D1E75D /* PBXContainerItemProxy */;
		};
/* End PBXTargetDependency section */

/* Begin PBXVariantGroup section */
		4D033A901F8F419700D1E75D /* Main.storyboard */ = {
			isa = PBXVariantGroup;
			children = (
				4D033A911F8F419700D1E75D /* Base */,
			);
			name = Main.storyboard;
			sourceTree = "<group>";
		};
		4D72BE691F9770B900DBDEB3 /* LaunchScreen.storyboard */ = {
			isa = PBXVariantGroup;
			children = (
				4D72BE6A1F9770B900DBDEB3 /* Base */,
			);
			name = LaunchScreen.storyboard;
			sourceTree = "<group>";
		};
/* End PBXVariantGroup section */

/* Begin XCBuildConfiguration section */
		4D033AB11F8F419700D1E75D /* Debug */ = {
			isa = XCBuildConfiguration;
			buildSettings = {
				ALWAYS_SEARCH_USER_PATHS = NO;
				CLANG_ANALYZER_NONNULL = YES;
				CLANG_ANALYZER_NUMBER_OBJECT_CONVERSION = YES_AGGRESSIVE;
				CLANG_CXX_LANGUAGE_STANDARD = "gnu++14";
				CLANG_CXX_LIBRARY = "libc++";
				CLANG_ENABLE_MODULES = YES;
				CLANG_ENABLE_OBJC_ARC = YES;
				CLANG_WARN_BLOCK_CAPTURE_AUTORELEASING = YES;
				CLANG_WARN_BOOL_CONVERSION = YES;
				CLANG_WARN_COMMA = YES;
				CLANG_WARN_CONSTANT_CONVERSION = YES;
				CLANG_WARN_DIRECT_OBJC_ISA_USAGE = YES_ERROR;
				CLANG_WARN_DOCUMENTATION_COMMENTS = YES;
				CLANG_WARN_EMPTY_BODY = YES;
				CLANG_WARN_ENUM_CONVERSION = YES;
				CLANG_WARN_INFINITE_RECURSION = YES;
				CLANG_WARN_INT_CONVERSION = YES;
				CLANG_WARN_NON_LITERAL_NULL_CONVERSION = YES;
				CLANG_WARN_OBJC_LITERAL_CONVERSION = YES;
				CLANG_WARN_OBJC_ROOT_CLASS = YES_ERROR;
				CLANG_WARN_RANGE_LOOP_ANALYSIS = YES;
				CLANG_WARN_STRICT_PROTOTYPES = YES;
				CLANG_WARN_SUSPICIOUS_MOVE = YES;
				CLANG_WARN_UNGUARDED_AVAILABILITY = YES_AGGRESSIVE;
				CLANG_WARN_UNREACHABLE_CODE = YES;
				CLANG_WARN__DUPLICATE_METHOD_MATCH = YES;
				CODE_SIGN_IDENTITY = "iPhone Developer";
				COPY_PHASE_STRIP = NO;
				DEBUG_INFORMATION_FORMAT = dwarf;
				ENABLE_STRICT_OBJC_MSGSEND = YES;
				ENABLE_TESTABILITY = YES;
				GCC_C_LANGUAGE_STANDARD = gnu11;
				GCC_DYNAMIC_NO_PIC = NO;
				GCC_NO_COMMON_BLOCKS = YES;
				GCC_OPTIMIZATION_LEVEL = 0;
				GCC_PREPROCESSOR_DEFINITIONS = (
					"DEBUG=1",
					"$(inherited)",
				);
				GCC_WARN_64_TO_32_BIT_CONVERSION = YES;
				GCC_WARN_ABOUT_RETURN_TYPE = YES_ERROR;
				GCC_WARN_UNDECLARED_SELECTOR = YES;
				GCC_WARN_UNINITIALIZED_AUTOS = YES_AGGRESSIVE;
				GCC_WARN_UNUSED_FUNCTION = YES;
				GCC_WARN_UNUSED_VARIABLE = YES;
				IPHONEOS_DEPLOYMENT_TARGET = 11.0;
				MTL_ENABLE_DEBUG_INFO = YES;
				ONLY_ACTIVE_ARCH = YES;
				SDKROOT = iphoneos;
				VALID_ARCHS = "arm64 armv7 armv7s armv7s";
			};
			name = Debug;
		};
		4D033AB21F8F419700D1E75D /* Release */ = {
			isa = XCBuildConfiguration;
			buildSettings = {
				ALWAYS_SEARCH_USER_PATHS = NO;
				CLANG_ANALYZER_NONNULL = YES;
				CLANG_ANALYZER_NUMBER_OBJECT_CONVERSION = YES_AGGRESSIVE;
				CLANG_CXX_LANGUAGE_STANDARD = "gnu++14";
				CLANG_CXX_LIBRARY = "libc++";
				CLANG_ENABLE_MODULES = YES;
				CLANG_ENABLE_OBJC_ARC = YES;
				CLANG_WARN_BLOCK_CAPTURE_AUTORELEASING = YES;
				CLANG_WARN_BOOL_CONVERSION = YES;
				CLANG_WARN_COMMA = YES;
				CLANG_WARN_CONSTANT_CONVERSION = YES;
				CLANG_WARN_DIRECT_OBJC_ISA_USAGE = YES_ERROR;
				CLANG_WARN_DOCUMENTATION_COMMENTS = YES;
				CLANG_WARN_EMPTY_BODY = YES;
				CLANG_WARN_ENUM_CONVERSION = YES;
				CLANG_WARN_INFINITE_RECURSION = YES;
				CLANG_WARN_INT_CONVERSION = YES;
				CLANG_WARN_NON_LITERAL_NULL_CONVERSION = YES;
				CLANG_WARN_OBJC_LITERAL_CONVERSION = YES;
				CLANG_WARN_OBJC_ROOT_CLASS = YES_ERROR;
				CLANG_WARN_RANGE_LOOP_ANALYSIS = YES;
				CLANG_WARN_STRICT_PROTOTYPES = YES;
				CLANG_WARN_SUSPICIOUS_MOVE = YES;
				CLANG_WARN_UNGUARDED_AVAILABILITY = YES_AGGRESSIVE;
				CLANG_WARN_UNREACHABLE_CODE = YES;
				CLANG_WARN__DUPLICATE_METHOD_MATCH = YES;
				CODE_SIGN_IDENTITY = "iPhone Developer";
				COPY_PHASE_STRIP = NO;
				DEBUG_INFORMATION_FORMAT = "dwarf-with-dsym";
				ENABLE_NS_ASSERTIONS = NO;
				ENABLE_STRICT_OBJC_MSGSEND = YES;
				GCC_C_LANGUAGE_STANDARD = gnu11;
				GCC_NO_COMMON_BLOCKS = YES;
				GCC_WARN_64_TO_32_BIT_CONVERSION = YES;
				GCC_WARN_ABOUT_RETURN_TYPE = YES_ERROR;
				GCC_WARN_UNDECLARED_SELECTOR = YES;
				GCC_WARN_UNINITIALIZED_AUTOS = YES_AGGRESSIVE;
				GCC_WARN_UNUSED_FUNCTION = YES;
				GCC_WARN_UNUSED_VARIABLE = YES;
				IPHONEOS_DEPLOYMENT_TARGET = 11.0;
				MTL_ENABLE_DEBUG_INFO = NO;
				SDKROOT = iphoneos;
				VALIDATE_PRODUCT = YES;
				VALID_ARCHS = "arm64 armv7 armv7s armv7s";
			};
			name = Release;
		};
		4D033AB41F8F419700D1E75D /* Debug */ = {
			isa = XCBuildConfiguration;
			baseConfigurationReference = 3E9E5B922D2CAE573D2325FA /* Pods-Yshipin.debug.xcconfig */;
			buildSettings = {
				ASSETCATALOG_COMPILER_APPICON_NAME = AppIcon;
				ASSETCATALOG_COMPILER_LAUNCHIMAGE_NAME = LaunchImage;
				CODE_SIGN_STYLE = Automatic;
				DEVELOPMENT_TEAM = 9YQC9372DL;
				ENABLE_BITCODE = NO;
				FRAMEWORK_SEARCH_PATHS = (
					"$(inherited)",
					"$(PROJECT_DIR)/Pods/WilddogWebRTC",
					"$(PROJECT_DIR)/ShareSDK",
					"$(PROJECT_DIR)/ShareSDK/Support/Optional",
					"$(PROJECT_DIR)/ShareSDK/Support/PlatformConnector",
					"$(PROJECT_DIR)/ShareSDK/Support/Required",
					"$(PROJECT_DIR)/Required",
					"$(PROJECT_DIR)/Pods/WilddogVideoCall",
					"$(PROJECT_DIR)/Pods/WilddogVideoBase",
					"$(PROJECT_DIR)/Pods/WilddogCore",
					"$(PROJECT_DIR)/Pods/WilddogAuth",
				);
				GCC_PREFIX_HEADER = "$(SRCROOT)/Yshipin/PrefixHeader.pch";
				INFOPLIST_FILE = Yshipin/Info.plist;
				IPHONEOS_DEPLOYMENT_TARGET = 8.0;
				LD_RUNPATH_SEARCH_PATHS = "$(inherited) @executable_path/Frameworks";
				ONLY_ACTIVE_ARCH = YES;
				PRODUCT_BUNDLE_IDENTIFIER = com.sq3661;
				PRODUCT_NAME = "$(TARGET_NAME)";
				TARGETED_DEVICE_FAMILY = 1;
				VALID_ARCHS = "arm64 armv7 armv6 armv7s";
			};
			name = Debug;
		};
		4D033AB51F8F419700D1E75D /* Release */ = {
			isa = XCBuildConfiguration;
			baseConfigurationReference = 5D14BA9F1368BE09253DE560 /* Pods-Yshipin.release.xcconfig */;
			buildSettings = {
				ASSETCATALOG_COMPILER_APPICON_NAME = AppIcon;
				ASSETCATALOG_COMPILER_LAUNCHIMAGE_NAME = LaunchImage;
				CODE_SIGN_STYLE = Automatic;
				DEVELOPMENT_TEAM = 9YQC9372DL;
				ENABLE_BITCODE = NO;
				FRAMEWORK_SEARCH_PATHS = (
					"$(inherited)",
					"$(PROJECT_DIR)/Pods/WilddogWebRTC",
					"$(PROJECT_DIR)/ShareSDK",
					"$(PROJECT_DIR)/ShareSDK/Support/Optional",
					"$(PROJECT_DIR)/ShareSDK/Support/PlatformConnector",
					"$(PROJECT_DIR)/ShareSDK/Support/Required",
					"$(PROJECT_DIR)/Required",
					"$(PROJECT_DIR)/Pods/WilddogVideoCall",
					"$(PROJECT_DIR)/Pods/WilddogVideoBase",
					"$(PROJECT_DIR)/Pods/WilddogCore",
					"$(PROJECT_DIR)/Pods/WilddogAuth",
				);
				GCC_PREFIX_HEADER = "$(SRCROOT)/Yshipin/PrefixHeader.pch";
				INFOPLIST_FILE = Yshipin/Info.plist;
				IPHONEOS_DEPLOYMENT_TARGET = 8.0;
				LD_RUNPATH_SEARCH_PATHS = "$(inherited) @executable_path/Frameworks";
				PRODUCT_BUNDLE_IDENTIFIER = com.sq3661;
				PRODUCT_NAME = "$(TARGET_NAME)";
				TARGETED_DEVICE_FAMILY = 1;
				VALID_ARCHS = "arm64 armv7 armv6 armv7s";
			};
			name = Release;
		};
		4D033AB71F8F419700D1E75D /* Debug */ = {
			isa = XCBuildConfiguration;
			buildSettings = {
				BUNDLE_LOADER = "$(TEST_HOST)";
				CODE_SIGN_STYLE = Automatic;
				INFOPLIST_FILE = YshipinTests/Info.plist;
				LD_RUNPATH_SEARCH_PATHS = "$(inherited) @executable_path/Frameworks @loader_path/Frameworks";
				PRODUCT_BUNDLE_IDENTIFIER = gfg.YshipinTests;
				PRODUCT_NAME = "$(TARGET_NAME)";
				TARGETED_DEVICE_FAMILY = "1,2";
				TEST_HOST = "$(BUILT_PRODUCTS_DIR)/Yshipin.app/Yshipin";
			};
			name = Debug;
		};
		4D033AB81F8F419700D1E75D /* Release */ = {
			isa = XCBuildConfiguration;
			buildSettings = {
				BUNDLE_LOADER = "$(TEST_HOST)";
				CODE_SIGN_STYLE = Automatic;
				INFOPLIST_FILE = YshipinTests/Info.plist;
				LD_RUNPATH_SEARCH_PATHS = "$(inherited) @executable_path/Frameworks @loader_path/Frameworks";
				PRODUCT_BUNDLE_IDENTIFIER = gfg.YshipinTests;
				PRODUCT_NAME = "$(TARGET_NAME)";
				TARGETED_DEVICE_FAMILY = "1,2";
				TEST_HOST = "$(BUILT_PRODUCTS_DIR)/Yshipin.app/Yshipin";
			};
			name = Release;
		};
		4D033ABA1F8F419700D1E75D /* Debug */ = {
			isa = XCBuildConfiguration;
			buildSettings = {
				CODE_SIGN_STYLE = Automatic;
				INFOPLIST_FILE = YshipinUITests/Info.plist;
				LD_RUNPATH_SEARCH_PATHS = "$(inherited) @executable_path/Frameworks @loader_path/Frameworks";
				PRODUCT_BUNDLE_IDENTIFIER = gfg.YshipinUITests;
				PRODUCT_NAME = "$(TARGET_NAME)";
				TARGETED_DEVICE_FAMILY = "1,2";
				TEST_TARGET_NAME = Yshipin;
			};
			name = Debug;
		};
		4D033ABB1F8F419700D1E75D /* Release */ = {
			isa = XCBuildConfiguration;
			buildSettings = {
				CODE_SIGN_STYLE = Automatic;
				INFOPLIST_FILE = YshipinUITests/Info.plist;
				LD_RUNPATH_SEARCH_PATHS = "$(inherited) @executable_path/Frameworks @loader_path/Frameworks";
				PRODUCT_BUNDLE_IDENTIFIER = gfg.YshipinUITests;
				PRODUCT_NAME = "$(TARGET_NAME)";
				TARGETED_DEVICE_FAMILY = "1,2";
				TEST_TARGET_NAME = Yshipin;
			};
			name = Release;
		};
/* End XCBuildConfiguration section */

/* Begin XCConfigurationList section */
		4D033A821F8F419700D1E75D /* Build configuration list for PBXProject "Yshipin" */ = {
			isa = XCConfigurationList;
			buildConfigurations = (
				4D033AB11F8F419700D1E75D /* Debug */,
				4D033AB21F8F419700D1E75D /* Release */,
			);
			defaultConfigurationIsVisible = 0;
			defaultConfigurationName = Release;
		};
		4D033AB31F8F419700D1E75D /* Build configuration list for PBXNativeTarget "Yshipin" */ = {
			isa = XCConfigurationList;
			buildConfigurations = (
				4D033AB41F8F419700D1E75D /* Debug */,
				4D033AB51F8F419700D1E75D /* Release */,
			);
			defaultConfigurationIsVisible = 0;
			defaultConfigurationName = Release;
		};
		4D033AB61F8F419700D1E75D /* Build configuration list for PBXNativeTarget "YshipinTests" */ = {
			isa = XCConfigurationList;
			buildConfigurations = (
				4D033AB71F8F419700D1E75D /* Debug */,
				4D033AB81F8F419700D1E75D /* Release */,
			);
			defaultConfigurationIsVisible = 0;
			defaultConfigurationName = Release;
		};
		4D033AB91F8F419700D1E75D /* Build configuration list for PBXNativeTarget "YshipinUITests" */ = {
			isa = XCConfigurationList;
			buildConfigurations = (
				4D033ABA1F8F419700D1E75D /* Debug */,
				4D033ABB1F8F419700D1E75D /* Release */,
			);
			defaultConfigurationIsVisible = 0;
			defaultConfigurationName = Release;
		};
/* End XCConfigurationList section */
	};
	rootObject = 4D033A7F1F8F419700D1E75D /* Project object */;
}
